{
  "name": "ceramic",
  "version": "1.0.0",
  "description": "",
  "main": "index.js",
  "scripts": {
    "test": "echo \"Error: no test specified\" && exit 1",
    "start": "nodemon index.js"
  },
  "author": "",
  "license": "ISC",
  "dependencies": {
    "@ceramicnetwork/http-client": "^0.9.2",
    "@ceramicstudio/idx": "^0.6.0",
    "crypto": "^1.0.1",
    "key-did-provider-ed25519": "^1.0.0",
    "nodemon": "^2.0.7",
    "uint8arrays": "^2.0.5"
  }
}
